---
ID: "f1ffb9c4-74a9-418d-8967-708bd237592c"
Parent: "c5b2e906-d69e-4dd9-9da0-3407a261875d"
Template: "04646a89-996f-4ee7-878a-ffdbf1f0ef0d"
Path: "/sitecore/layout/Renderings/Project/ai-sales-agent/Page Content/WysiwygBlock"
SharedFields:
- ID: "037fe404-dd19-4bf7-8e30-4dadf68b27b0"
  Hint: componentName
  Value: WysiwygBlock
- ID: "06d5295c-ed2f-4a54-9bf2-26228d113318"
  Hint: __Icon
  Value: Applications/16x16/form_blue.png
- ID: "1a7c85e5-dc0b-490d-9187-bb1dbcb4c72f"
  Hint: Datasource Template
  Value: "/sitecore/templates/Project/ai-sales-agent/Page Content/Wysiwyg Block/WysiwygBlock"
- ID: "a77e8568-1ab3-44f1-a664-b7c37ec7810d"
  Hint: Parameters Template
  Value: "{4247AAD4-EBDE-4994-998F-E067A51B1FE4}"
- ID: "dbbbeca1-21c7-4906-9dd2-493c1efa59a2"
  Hint: __Shared revision
  Value: "a8772cbe-20af-4b4c-892f-97e79f907ed0"
Languages:
- Language: en
  Versions:
  - Version: 1
    Fields:
    - ID: "25bed78c-4957-4165-998a-ca1b52f67497"
      Hint: __Created
      Value: 20261005T153434Z
    - ID: "52807595-0f8f-4b20-8d2a-cb71d28c6103"
      Hint: __Owner
      Value: |
        sitecore\hammad@7kcdev.com
    - ID: "5dd74568-4d4b-44c1-b513-0af5f4cda34f"
      Hint: __Created by
      Value: |
        sitecore\hammad@7kcdev.com
    - ID: "8cdc337e-a112-42fb-bbb4-4143751e123f"
      Hint: __Revision
      Value: "eb613f28-5287-40bf-af52-52c8fcf18d38"
    - ID: "badd9cf9-53e0-4d0c-bcc0-2d784c282f6a"
      Hint: __Updated by
      Value: |
        sitecore\hammad@7kcdev.com
    - ID: "d9cf14b1-fa16-4ba6-9288-e8a174d4d522"
      Hint: __Updated
      Value: 20261005T154108Z
