---
ID: "4daf7050-10c7-4273-8b86-edac61501646"
Parent: "2318cb50-469e-4ed1-889d-7baf8f1c4f37"
Template: "76da0a8d-fc7e-42b2-af1e-205b49e43f98"
Path: "/sitecore/content/ai-sales-agent/ai-sales-agent/Presentation/Available Renderings/WysiwygBlock"
SharedFields:
- ID: "715ae6c0-71c8-4744-ab4f-65362d20ad65"
  Hint: Renderings
  Value: "{F1FFB9C4-74A9-418D-8967-708BD237592C}"
- ID: "dbbbeca1-21c7-4906-9dd2-493c1efa59a2"
  Hint: __Shared revision
  Value: "96b76e71-6f8c-4143-950e-60ae08b4078c"
Languages:
- Language: en
  Versions:
  - Version: 1
    Fields:
    - ID: "25bed78c-4957-4165-998a-ca1b52f67497"
      Hint: __Created
      Value: 20261005T153657Z
    - ID: "52807595-0f8f-4b20-8d2a-cb71d28c6103"
      Hint: __Owner
      Value: |
        sitecore\hammad@7kcdev.com
    - ID: "5dd74568-4d4b-44c1-b513-0af5f4cda34f"
      Hint: __Created by
      Value: |
        sitecore\hammad@7kcdev.com
    - ID: "8cdc337e-a112-42fb-bbb4-4143751e123f"
      Hint: __Revision
      Value: "3400cb06-f2a1-4e58-9915-43b9303b1668"
    - ID: "badd9cf9-53e0-4d0c-bcc0-2d784c282f6a"
      Hint: __Updated by
      Value: |
        sitecore\hammad@7kcdev.com
    - ID: "d9cf14b1-fa16-4ba6-9288-e8a174d4d522"
      Hint: __Updated
      Value: 20261005T153737Z
